
Microsoft Visual Studio Solution File, Format Version 12.00
# Visual Studio 15
VisualStudioVersion = 15.0.26228.4
MinimumVisualStudioVersion = 10.0.40219.1
Project("{8BC9CEB8-8B4A-11D0-8D11-00A0C91BC942}") = "proland-core", "core\proland-core.vcxproj", "{366E4CB1-A2C8-4B28-9669-EDF64BC799CF}"
EndProject
Project("{2150E333-8FDC-42A3-9474-1A3956D46DE8}") = "examples", "examples", "{D72201FF-6525-4F9F-AE2B-800BC80D3DD2}"
EndProject
Project("{8BC9CEB8-8B4A-11D0-8D11-00A0C91BC942}") = "proland-core-helloworld", "core\examples\helloworld\proland-core-helloworld.vcxproj", "{536F62F3-CE55-49A8-8431-81C2AAF47B50}"
EndProject
Project("{8BC9CEB8-8B4A-11D0-8D11-00A0C91BC942}") = "proland-core-twbartest", "core\examples\twbartest\proland-core-twbartest.vcxproj", "{6B2A0359-E894-4438-B830-8F112057EC46}"
EndProject
Project("{8BC9CEB8-8B4A-11D0-8D11-00A0C91BC942}") = "proland-edit", "edit\proland-edit.vcxproj", "{BC112E6D-738F-42F0-A86F-22045930A688}"
EndProject
Project("{8BC9CEB8-8B4A-11D0-8D11-00A0C91BC942}") = "proland-river", "river\proland-river.vcxproj", "{5094A1F4-119F-4CDC-A8A6-182359C113D1}"
EndProject
Project("{8BC9CEB8-8B4A-11D0-8D11-00A0C91BC942}") = "proland-graph", "graph\proland-graph.vcxproj", "{20E1E328-330B-42F7-90AB-F96D3C9A120F}"
EndProject
Project("{8BC9CEB8-8B4A-11D0-8D11-00A0C91BC942}") = "proland-terrain", "terrain\proland-terrain.vcxproj", "{5F0AE423-C143-4F2D-9A42-57994282AD00}"
EndProject
Project("{8BC9CEB8-8B4A-11D0-8D11-00A0C91BC942}") = "proland-terrain-exercise1", "terrain\examples\exercise1\proland-terrain-exercise1.vcxproj", "{F7ED1215-B16E-4335-B2B1-4341F81A6D69}"
EndProject
Project("{8BC9CEB8-8B4A-11D0-8D11-00A0C91BC942}") = "proland-terrain-terrain1", "terrain\examples\terrain1\proland-terrain-terrain1.vcxproj", "{35763ED6-8387-49D2-BCF2-BCE534BCCAC4}"
EndProject
Project("{8BC9CEB8-8B4A-11D0-8D11-00A0C91BC942}") = "proland-graph-graph1", "graph\examples\graph1\proland-graph-graph1.vcxproj", "{8B941E71-1591-4A0B-90F5-92201C64F6B3}"
EndProject
Project("{8BC9CEB8-8B4A-11D0-8D11-00A0C91BC942}") = "proland-river-river1", "river\examples\river1\proland-river-river1.vcxproj", "{9D1440A7-D6CA-4BAD-A7F9-102F2B023A51}"
EndProject
Project("{8BC9CEB8-8B4A-11D0-8D11-00A0C91BC942}") = "proland-ocean", "ocean\proland-ocean.vcxproj", "{36C36430-7DC7-4A30-8CB4-BE5C03AE650D}"
EndProject
Project("{8BC9CEB8-8B4A-11D0-8D11-00A0C91BC942}") = "proland-ocean-ocean1", "ocean\examples\ocean1\proland-ocean-ocean1.vcxproj", "{4A80CCDE-2DD3-44F3-BDE5-EE8EEF273037}"
EndProject
Project("{8BC9CEB8-8B4A-11D0-8D11-00A0C91BC942}") = "proland-atmo", "atmo\proland-atmo.vcxproj", "{9EAA918A-BB45-4DBD-85C2-14EE02822891}"
EndProject
Project("{8BC9CEB8-8B4A-11D0-8D11-00A0C91BC942}") = "proland-forest", "forest\proland-forest.vcxproj", "{FFD6AFAB-7AEE-4169-9802-1BC4541A0A24}"
EndProject
Project("{8BC9CEB8-8B4A-11D0-8D11-00A0C91BC942}") = "demo", "demo\demo.vcxproj", "{74CAF5C9-A7E1-47D3-AB90-8F012E91C486}"
EndProject
Global
	GlobalSection(SolutionConfigurationPlatforms) = preSolution
		Debug|x64 = Debug|x64
		Debug|x86 = Debug|x86
		Release|x64 = Release|x64
		Release|x86 = Release|x86
	EndGlobalSection
	GlobalSection(ProjectConfigurationPlatforms) = postSolution
		{366E4CB1-A2C8-4B28-9669-EDF64BC799CF}.Debug|x64.ActiveCfg = Debug|x64
		{366E4CB1-A2C8-4B28-9669-EDF64BC799CF}.Debug|x64.Build.0 = Debug|x64
		{366E4CB1-A2C8-4B28-9669-EDF64BC799CF}.Debug|x86.ActiveCfg = Debug|Win32
		{366E4CB1-A2C8-4B28-9669-EDF64BC799CF}.Debug|x86.Build.0 = Debug|Win32
		{366E4CB1-A2C8-4B28-9669-EDF64BC799CF}.Release|x64.ActiveCfg = Release|x64
		{366E4CB1-A2C8-4B28-9669-EDF64BC799CF}.Release|x64.Build.0 = Release|x64
		{366E4CB1-A2C8-4B28-9669-EDF64BC799CF}.Release|x86.ActiveCfg = Release|Win32
		{366E4CB1-A2C8-4B28-9669-EDF64BC799CF}.Release|x86.Build.0 = Release|Win32
		{536F62F3-CE55-49A8-8431-81C2AAF47B50}.Debug|x64.ActiveCfg = Debug|x64
		{536F62F3-CE55-49A8-8431-81C2AAF47B50}.Debug|x64.Build.0 = Debug|x64
		{536F62F3-CE55-49A8-8431-81C2AAF47B50}.Debug|x86.ActiveCfg = Debug|Win32
		{536F62F3-CE55-49A8-8431-81C2AAF47B50}.Debug|x86.Build.0 = Debug|Win32
		{536F62F3-CE55-49A8-8431-81C2AAF47B50}.Release|x64.ActiveCfg = Release|x64
		{536F62F3-CE55-49A8-8431-81C2AAF47B50}.Release|x64.Build.0 = Release|x64
		{536F62F3-CE55-49A8-8431-81C2AAF47B50}.Release|x86.ActiveCfg = Release|Win32
		{536F62F3-CE55-49A8-8431-81C2AAF47B50}.Release|x86.Build.0 = Release|Win32
		{6B2A0359-E894-4438-B830-8F112057EC46}.Debug|x64.ActiveCfg = Debug|x64
		{6B2A0359-E894-4438-B830-8F112057EC46}.Debug|x64.Build.0 = Debug|x64
		{6B2A0359-E894-4438-B830-8F112057EC46}.Debug|x86.ActiveCfg = Debug|Win32
		{6B2A0359-E894-4438-B830-8F112057EC46}.Debug|x86.Build.0 = Debug|Win32
		{6B2A0359-E894-4438-B830-8F112057EC46}.Release|x64.ActiveCfg = Release|x64
		{6B2A0359-E894-4438-B830-8F112057EC46}.Release|x64.Build.0 = Release|x64
		{6B2A0359-E894-4438-B830-8F112057EC46}.Release|x86.ActiveCfg = Release|Win32
		{6B2A0359-E894-4438-B830-8F112057EC46}.Release|x86.Build.0 = Release|Win32
		{BC112E6D-738F-42F0-A86F-22045930A688}.Debug|x64.ActiveCfg = Debug|x64
		{BC112E6D-738F-42F0-A86F-22045930A688}.Debug|x64.Build.0 = Debug|x64
		{BC112E6D-738F-42F0-A86F-22045930A688}.Debug|x86.ActiveCfg = Debug|Win32
		{BC112E6D-738F-42F0-A86F-22045930A688}.Debug|x86.Build.0 = Debug|Win32
		{BC112E6D-738F-42F0-A86F-22045930A688}.Release|x64.ActiveCfg = Release|x64
		{BC112E6D-738F-42F0-A86F-22045930A688}.Release|x64.Build.0 = Release|x64
		{BC112E6D-738F-42F0-A86F-22045930A688}.Release|x86.ActiveCfg = Release|Win32
		{BC112E6D-738F-42F0-A86F-22045930A688}.Release|x86.Build.0 = Release|Win32
		{5094A1F4-119F-4CDC-A8A6-182359C113D1}.Debug|x64.ActiveCfg = Debug|x64
		{5094A1F4-119F-4CDC-A8A6-182359C113D1}.Debug|x64.Build.0 = Debug|x64
		{5094A1F4-119F-4CDC-A8A6-182359C113D1}.Debug|x86.ActiveCfg = Debug|Win32
		{5094A1F4-119F-4CDC-A8A6-182359C113D1}.Debug|x86.Build.0 = Debug|Win32
		{5094A1F4-119F-4CDC-A8A6-182359C113D1}.Release|x64.ActiveCfg = Release|x64
		{5094A1F4-119F-4CDC-A8A6-182359C113D1}.Release|x64.Build.0 = Release|x64
		{5094A1F4-119F-4CDC-A8A6-182359C113D1}.Release|x86.ActiveCfg = Release|Win32
		{5094A1F4-119F-4CDC-A8A6-182359C113D1}.Release|x86.Build.0 = Release|Win32
		{20E1E328-330B-42F7-90AB-F96D3C9A120F}.Debug|x64.ActiveCfg = Debug|x64
		{20E1E328-330B-42F7-90AB-F96D3C9A120F}.Debug|x64.Build.0 = Debug|x64
		{20E1E328-330B-42F7-90AB-F96D3C9A120F}.Debug|x86.ActiveCfg = Debug|Win32
		{20E1E328-330B-42F7-90AB-F96D3C9A120F}.Debug|x86.Build.0 = Debug|Win32
		{20E1E328-330B-42F7-90AB-F96D3C9A120F}.Release|x64.ActiveCfg = Release|x64
		{20E1E328-330B-42F7-90AB-F96D3C9A120F}.Release|x64.Build.0 = Release|x64
		{20E1E328-330B-42F7-90AB-F96D3C9A120F}.Release|x86.ActiveCfg = Release|Win32
		{20E1E328-330B-42F7-90AB-F96D3C9A120F}.Release|x86.Build.0 = Release|Win32
		{5F0AE423-C143-4F2D-9A42-57994282AD00}.Debug|x64.ActiveCfg = Debug|x64
		{5F0AE423-C143-4F2D-9A42-57994282AD00}.Debug|x64.Build.0 = Debug|x64
		{5F0AE423-C143-4F2D-9A42-57994282AD00}.Debug|x86.ActiveCfg = Debug|Win32
		{5F0AE423-C143-4F2D-9A42-57994282AD00}.Debug|x86.Build.0 = Debug|Win32
		{5F0AE423-C143-4F2D-9A42-57994282AD00}.Release|x64.ActiveCfg = Release|x64
		{5F0AE423-C143-4F2D-9A42-57994282AD00}.Release|x64.Build.0 = Release|x64
		{5F0AE423-C143-4F2D-9A42-57994282AD00}.Release|x86.ActiveCfg = Release|Win32
		{5F0AE423-C143-4F2D-9A42-57994282AD00}.Release|x86.Build.0 = Release|Win32
		{F7ED1215-B16E-4335-B2B1-4341F81A6D69}.Debug|x64.ActiveCfg = Debug|x64
		{F7ED1215-B16E-4335-B2B1-4341F81A6D69}.Debug|x64.Build.0 = Debug|x64
		{F7ED1215-B16E-4335-B2B1-4341F81A6D69}.Debug|x86.ActiveCfg = Debug|Win32
		{F7ED1215-B16E-4335-B2B1-4341F81A6D69}.Debug|x86.Build.0 = Debug|Win32
		{F7ED1215-B16E-4335-B2B1-4341F81A6D69}.Release|x64.ActiveCfg = Release|x64
		{F7ED1215-B16E-4335-B2B1-4341F81A6D69}.Release|x64.Build.0 = Release|x64
		{F7ED1215-B16E-4335-B2B1-4341F81A6D69}.Release|x86.ActiveCfg = Release|Win32
		{F7ED1215-B16E-4335-B2B1-4341F81A6D69}.Release|x86.Build.0 = Release|Win32
		{35763ED6-8387-49D2-BCF2-BCE534BCCAC4}.Debug|x64.ActiveCfg = Debug|x64
		{35763ED6-8387-49D2-BCF2-BCE534BCCAC4}.Debug|x64.Build.0 = Debug|x64
		{35763ED6-8387-49D2-BCF2-BCE534BCCAC4}.Debug|x86.ActiveCfg = Debug|Win32
		{35763ED6-8387-49D2-BCF2-BCE534BCCAC4}.Debug|x86.Build.0 = Debug|Win32
		{35763ED6-8387-49D2-BCF2-BCE534BCCAC4}.Release|x64.ActiveCfg = Release|x64
		{35763ED6-8387-49D2-BCF2-BCE534BCCAC4}.Release|x64.Build.0 = Release|x64
		{35763ED6-8387-49D2-BCF2-BCE534BCCAC4}.Release|x86.ActiveCfg = Release|Win32
		{35763ED6-8387-49D2-BCF2-BCE534BCCAC4}.Release|x86.Build.0 = Release|Win32
		{8B941E71-1591-4A0B-90F5-92201C64F6B3}.Debug|x64.ActiveCfg = Debug|x64
		{8B941E71-1591-4A0B-90F5-92201C64F6B3}.Debug|x64.Build.0 = Debug|x64
		{8B941E71-1591-4A0B-90F5-92201C64F6B3}.Debug|x86.ActiveCfg = Debug|Win32
		{8B941E71-1591-4A0B-90F5-92201C64F6B3}.Debug|x86.Build.0 = Debug|Win32
		{8B941E71-1591-4A0B-90F5-92201C64F6B3}.Release|x64.ActiveCfg = Release|x64
		{8B941E71-1591-4A0B-90F5-92201C64F6B3}.Release|x64.Build.0 = Release|x64
		{8B941E71-1591-4A0B-90F5-92201C64F6B3}.Release|x86.ActiveCfg = Release|Win32
		{8B941E71-1591-4A0B-90F5-92201C64F6B3}.Release|x86.Build.0 = Release|Win32
		{9D1440A7-D6CA-4BAD-A7F9-102F2B023A51}.Debug|x64.ActiveCfg = Debug|x64
		{9D1440A7-D6CA-4BAD-A7F9-102F2B023A51}.Debug|x64.Build.0 = Debug|x64
		{9D1440A7-D6CA-4BAD-A7F9-102F2B023A51}.Debug|x86.ActiveCfg = Debug|Win32
		{9D1440A7-D6CA-4BAD-A7F9-102F2B023A51}.Debug|x86.Build.0 = Debug|Win32
		{9D1440A7-D6CA-4BAD-A7F9-102F2B023A51}.Release|x64.ActiveCfg = Release|x64
		{9D1440A7-D6CA-4BAD-A7F9-102F2B023A51}.Release|x64.Build.0 = Release|x64
		{9D1440A7-D6CA-4BAD-A7F9-102F2B023A51}.Release|x86.ActiveCfg = Release|Win32
		{9D1440A7-D6CA-4BAD-A7F9-102F2B023A51}.Release|x86.Build.0 = Release|Win32
		{36C36430-7DC7-4A30-8CB4-BE5C03AE650D}.Debug|x64.ActiveCfg = Debug|x64
		{36C36430-7DC7-4A30-8CB4-BE5C03AE650D}.Debug|x64.Build.0 = Debug|x64
		{36C36430-7DC7-4A30-8CB4-BE5C03AE650D}.Debug|x86.ActiveCfg = Debug|Win32
		{36C36430-7DC7-4A30-8CB4-BE5C03AE650D}.Debug|x86.Build.0 = Debug|Win32
		{36C36430-7DC7-4A30-8CB4-BE5C03AE650D}.Release|x64.ActiveCfg = Release|x64
		{36C36430-7DC7-4A30-8CB4-BE5C03AE650D}.Release|x64.Build.0 = Release|x64
		{36C36430-7DC7-4A30-8CB4-BE5C03AE650D}.Release|x86.ActiveCfg = Release|Win32
		{36C36430-7DC7-4A30-8CB4-BE5C03AE650D}.Release|x86.Build.0 = Release|Win32
		{4A80CCDE-2DD3-44F3-BDE5-EE8EEF273037}.Debug|x64.ActiveCfg = Debug|x64
		{4A80CCDE-2DD3-44F3-BDE5-EE8EEF273037}.Debug|x64.Build.0 = Debug|x64
		{4A80CCDE-2DD3-44F3-BDE5-EE8EEF273037}.Debug|x86.ActiveCfg = Debug|Win32
		{4A80CCDE-2DD3-44F3-BDE5-EE8EEF273037}.Debug|x86.Build.0 = Debug|Win32
		{4A80CCDE-2DD3-44F3-BDE5-EE8EEF273037}.Release|x64.ActiveCfg = Release|x64
		{4A80CCDE-2DD3-44F3-BDE5-EE8EEF273037}.Release|x64.Build.0 = Release|x64
		{4A80CCDE-2DD3-44F3-BDE5-EE8EEF273037}.Release|x86.ActiveCfg = Release|Win32
		{4A80CCDE-2DD3-44F3-BDE5-EE8EEF273037}.Release|x86.Build.0 = Release|Win32
		{9EAA918A-BB45-4DBD-85C2-14EE02822891}.Debug|x64.ActiveCfg = Debug|x64
		{9EAA918A-BB45-4DBD-85C2-14EE02822891}.Debug|x64.Build.0 = Debug|x64
		{9EAA918A-BB45-4DBD-85C2-14EE02822891}.Debug|x86.ActiveCfg = Debug|Win32
		{9EAA918A-BB45-4DBD-85C2-14EE02822891}.Debug|x86.Build.0 = Debug|Win32
		{9EAA918A-BB45-4DBD-85C2-14EE02822891}.Release|x64.ActiveCfg = Release|x64
		{9EAA918A-BB45-4DBD-85C2-14EE02822891}.Release|x64.Build.0 = Release|x64
		{9EAA918A-BB45-4DBD-85C2-14EE02822891}.Release|x86.ActiveCfg = Release|Win32
		{9EAA918A-BB45-4DBD-85C2-14EE02822891}.Release|x86.Build.0 = Release|Win32
		{FFD6AFAB-7AEE-4169-9802-1BC4541A0A24}.Debug|x64.ActiveCfg = Debug|x64
		{FFD6AFAB-7AEE-4169-9802-1BC4541A0A24}.Debug|x64.Build.0 = Debug|x64
		{FFD6AFAB-7AEE-4169-9802-1BC4541A0A24}.Debug|x86.ActiveCfg = Debug|Win32
		{FFD6AFAB-7AEE-4169-9802-1BC4541A0A24}.Debug|x86.Build.0 = Debug|Win32
		{FFD6AFAB-7AEE-4169-9802-1BC4541A0A24}.Release|x64.ActiveCfg = Release|x64
		{FFD6AFAB-7AEE-4169-9802-1BC4541A0A24}.Release|x64.Build.0 = Release|x64
		{FFD6AFAB-7AEE-4169-9802-1BC4541A0A24}.Release|x86.ActiveCfg = Release|Win32
		{FFD6AFAB-7AEE-4169-9802-1BC4541A0A24}.Release|x86.Build.0 = Release|Win32
		{74CAF5C9-A7E1-47D3-AB90-8F012E91C486}.Debug|x64.ActiveCfg = Debug|x64
		{74CAF5C9-A7E1-47D3-AB90-8F012E91C486}.Debug|x64.Build.0 = Debug|x64
		{74CAF5C9-A7E1-47D3-AB90-8F012E91C486}.Debug|x86.ActiveCfg = Debug|Win32
		{74CAF5C9-A7E1-47D3-AB90-8F012E91C486}.Debug|x86.Build.0 = Debug|Win32
		{74CAF5C9-A7E1-47D3-AB90-8F012E91C486}.Release|x64.ActiveCfg = Release|x64
		{74CAF5C9-A7E1-47D3-AB90-8F012E91C486}.Release|x64.Build.0 = Release|x64
		{74CAF5C9-A7E1-47D3-AB90-8F012E91C486}.Release|x86.ActiveCfg = Release|Win32
		{74CAF5C9-A7E1-47D3-AB90-8F012E91C486}.Release|x86.Build.0 = Release|Win32
	EndGlobalSection
	GlobalSection(SolutionProperties) = preSolution
		HideSolutionNode = FALSE
	EndGlobalSection
	GlobalSection(NestedProjects) = preSolution
		{536F62F3-CE55-49A8-8431-81C2AAF47B50} = {D72201FF-6525-4F9F-AE2B-800BC80D3DD2}
		{6B2A0359-E894-4438-B830-8F112057EC46} = {D72201FF-6525-4F9F-AE2B-800BC80D3DD2}
		{F7ED1215-B16E-4335-B2B1-4341F81A6D69} = {D72201FF-6525-4F9F-AE2B-800BC80D3DD2}
		{35763ED6-8387-49D2-BCF2-BCE534BCCAC4} = {D72201FF-6525-4F9F-AE2B-800BC80D3DD2}
		{8B941E71-1591-4A0B-90F5-92201C64F6B3} = {D72201FF-6525-4F9F-AE2B-800BC80D3DD2}
		{9D1440A7-D6CA-4BAD-A7F9-102F2B023A51} = {D72201FF-6525-4F9F-AE2B-800BC80D3DD2}
		{4A80CCDE-2DD3-44F3-BDE5-EE8EEF273037} = {D72201FF-6525-4F9F-AE2B-800BC80D3DD2}
	EndGlobalSection
EndGlobal
